{
  "name": "lingo",
  "version": "1.0.0",
  "lockfileVersion": 3,
  "requires": true,
  "packages": {
    "": {
      "name": "lingo",
      "version": "1.0.0",
      "license": "MIT",
      "devDependencies": {
        "an-array-of-turkish-words": "1.2.0"
      }
    },
    "node_modules/an-array-of-turkish-words": {
      "version": "1.2.0",
      "resolved": "https://registry.npmjs.org/an-array-of-turkish-words/-/an-array-of-turkish-words-1.2.0.tgz",
      "integrity": "sha512-7F2hs/kkLmG8VBKBtNFG3CWbIyJEPnHbK+92R6+VHbj2Ryeqj5/UCLfKaqS4iEf8669L5jSNHyUaYi6MfRUDOA==",
      "dev": true,
      "license": "MIT",
      "bin": {
        "an-array-of-turkish-words": "cli.js",
        "kelime": "cli.js"
      }
    }
  }
}
